
Microsoft Visual Studio Solution File, Format Version 12.00
# Visual Studio 2013
VisualStudioVersion = 12.0.21005.1
MinimumVisualStudioVersion = 10.0.40219.1
Project("{FAE04EC0-301F-11D3-BF4B-00C04F79EFBC}") = "Module1", "Module1\Module1.csproj", "{AF3F87D0-791C-45B2-BE50-6C965D497B28}"
EndProject
Project("{FAE04EC0-301F-11D3-BF4B-00C04F79EFBC}") = "Module2", "Modeul2\Module2.csproj", "{EFA07106-2319-4169-90A8-1FD7C1595DE0}"
EndProject
Project("{FAE04EC0-301F-11D3-BF4B-00C04F79EFBC}") = "Module4", "Module4\Module4.csproj", "{A6F8C012-9990-46E8-9BAB-D071A53247C3}"
EndProject
Project("{FAE04EC0-301F-11D3-BF4B-00C04F79EFBC}") = "Module3", "Module3\Module3.csproj", "{3B4B8D4B-2FF0-479A-9E24-FC0C8A5B6506}"
EndProject
Project("{FAE04EC0-301F-11D3-BF4B-00C04F79EFBC}") = "Module5", "Module5\Module5.csproj", "{DB67D6F1-E78E-4D08-8590-8E02B8C2B065}"
EndProject
Project("{FAE04EC0-301F-11D3-BF4B-00C04F79EFBC}") = "Module6", "Module6\Module6.csproj", "{7FEB4D75-6142-40E5-B275-966D1B09F396}"
EndProject
Project("{FAE04EC0-301F-11D3-BF4B-00C04F79EFBC}") = "Module7", "Module7\Module7.csproj", "{BE947229-E29E-4F49-941F-FE298C050562}"
EndProject
Project("{FAE04EC0-301F-11D3-BF4B-00C04F79EFBC}") = "Module8", "Module8\Module8.csproj", "{5D1A1893-C400-4E8B-A1B5-1AD3D1BB5751}"
EndProject
Project("{FAE04EC0-301F-11D3-BF4B-00C04F79EFBC}") = "Module9", "Module9\Module9.csproj", "{B45528C4-AACD-41BA-BC4A-F109E5EDB024}"
EndProject
Project("{FAE04EC0-301F-11D3-BF4B-00C04F79EFBC}") = "Module10", "Module10\Module10.csproj", "{3340F337-513F-4498-904F-FECC8C4FDECA}"
EndProject
Project("{FAE04EC0-301F-11D3-BF4B-00C04F79EFBC}") = "OrderingOperators", "LINQ - Ordering\OrderingOperators.csproj", "{05350A97-9D66-40BC-90B5-BCD0DCFE1AAB}"
EndProject
Project("{FAE04EC0-301F-11D3-BF4B-00C04F79EFBC}") = "RestrictionOperators", "LINQ - Restriction\RestrictionOperators.csproj", "{EF74D02F-B99F-470F-B27C-8B83961E9940}"
EndProject
Project("{FAE04EC0-301F-11D3-BF4B-00C04F79EFBC}") = "Mod11_Assignment", "Mod11_Assignment\Mod11_Assignment.csproj", "{BDAA7DDC-2393-49A8-9FA2-52E0356E465A}"
EndProject
Global
	GlobalSection(SolutionConfigurationPlatforms) = preSolution
		Debug|Any CPU = Debug|Any CPU
		Debug|Mixed Platforms = Debug|Mixed Platforms
		Debug|x86 = Debug|x86
		Release|Any CPU = Release|Any CPU
		Release|Mixed Platforms = Release|Mixed Platforms
		Release|x86 = Release|x86
	EndGlobalSection
	GlobalSection(ProjectConfigurationPlatforms) = postSolution
		{AF3F87D0-791C-45B2-BE50-6C965D497B28}.Debug|Any CPU.ActiveCfg = Debug|Any CPU
		{AF3F87D0-791C-45B2-BE50-6C965D497B28}.Debug|Any CPU.Build.0 = Debug|Any CPU
		{AF3F87D0-791C-45B2-BE50-6C965D497B28}.Debug|Mixed Platforms.ActiveCfg = Debug|Any CPU
		{AF3F87D0-791C-45B2-BE50-6C965D497B28}.Debug|Mixed Platforms.Build.0 = Debug|Any CPU
		{AF3F87D0-791C-45B2-BE50-6C965D497B28}.Debug|x86.ActiveCfg = Debug|Any CPU
		{AF3F87D0-791C-45B2-BE50-6C965D497B28}.Release|Any CPU.ActiveCfg = Release|Any CPU
		{AF3F87D0-791C-45B2-BE50-6C965D497B28}.Release|Any CPU.Build.0 = Release|Any CPU
		{AF3F87D0-791C-45B2-BE50-6C965D497B28}.Release|Mixed Platforms.ActiveCfg = Release|Any CPU
		{AF3F87D0-791C-45B2-BE50-6C965D497B28}.Release|Mixed Platforms.Build.0 = Release|Any CPU
		{AF3F87D0-791C-45B2-BE50-6C965D497B28}.Release|x86.ActiveCfg = Release|Any CPU
		{EFA07106-2319-4169-90A8-1FD7C1595DE0}.Debug|Any CPU.ActiveCfg = Debug|Any CPU
		{EFA07106-2319-4169-90A8-1FD7C1595DE0}.Debug|Any CPU.Build.0 = Debug|Any CPU
		{EFA07106-2319-4169-90A8-1FD7C1595DE0}.Debug|Mixed Platforms.ActiveCfg = Debug|Any CPU
		{EFA07106-2319-4169-90A8-1FD7C1595DE0}.Debug|Mixed Platforms.Build.0 = Debug|Any CPU
		{EFA07106-2319-4169-90A8-1FD7C1595DE0}.Debug|x86.ActiveCfg = Debug|Any CPU
		{EFA07106-2319-4169-90A8-1FD7C1595DE0}.Release|Any CPU.ActiveCfg = Release|Any CPU
		{EFA07106-2319-4169-90A8-1FD7C1595DE0}.Release|Any CPU.Build.0 = Release|Any CPU
		{EFA07106-2319-4169-90A8-1FD7C1595DE0}.Release|Mixed Platforms.ActiveCfg = Release|Any CPU
		{EFA07106-2319-4169-90A8-1FD7C1595DE0}.Release|Mixed Platforms.Build.0 = Release|Any CPU
		{EFA07106-2319-4169-90A8-1FD7C1595DE0}.Release|x86.ActiveCfg = Release|Any CPU
		{A6F8C012-9990-46E8-9BAB-D071A53247C3}.Debug|Any CPU.ActiveCfg = Debug|Any CPU
		{A6F8C012-9990-46E8-9BAB-D071A53247C3}.Debug|Any CPU.Build.0 = Debug|Any CPU
		{A6F8C012-9990-46E8-9BAB-D071A53247C3}.Debug|Mixed Platforms.ActiveCfg = Debug|Any CPU
		{A6F8C012-9990-46E8-9BAB-D071A53247C3}.Debug|Mixed Platforms.Build.0 = Debug|Any CPU
		{A6F8C012-9990-46E8-9BAB-D071A53247C3}.Debug|x86.ActiveCfg = Debug|Any CPU
		{A6F8C012-9990-46E8-9BAB-D071A53247C3}.Release|Any CPU.ActiveCfg = Release|Any CPU
		{A6F8C012-9990-46E8-9BAB-D071A53247C3}.Release|Any CPU.Build.0 = Release|Any CPU
		{A6F8C012-9990-46E8-9BAB-D071A53247C3}.Release|Mixed Platforms.ActiveCfg = Release|Any CPU
		{A6F8C012-9990-46E8-9BAB-D071A53247C3}.Release|Mixed Platforms.Build.0 = Release|Any CPU
		{A6F8C012-9990-46E8-9BAB-D071A53247C3}.Release|x86.ActiveCfg = Release|Any CPU
		{3B4B8D4B-2FF0-479A-9E24-FC0C8A5B6506}.Debug|Any CPU.ActiveCfg = Debug|Any CPU
		{3B4B8D4B-2FF0-479A-9E24-FC0C8A5B6506}.Debug|Any CPU.Build.0 = Debug|Any CPU
		{3B4B8D4B-2FF0-479A-9E24-FC0C8A5B6506}.Debug|Mixed Platforms.ActiveCfg = Debug|Any CPU
		{3B4B8D4B-2FF0-479A-9E24-FC0C8A5B6506}.Debug|Mixed Platforms.Build.0 = Debug|Any CPU
		{3B4B8D4B-2FF0-479A-9E24-FC0C8A5B6506}.Debug|x86.ActiveCfg = Debug|Any CPU
		{3B4B8D4B-2FF0-479A-9E24-FC0C8A5B6506}.Release|Any CPU.ActiveCfg = Release|Any CPU
		{3B4B8D4B-2FF0-479A-9E24-FC0C8A5B6506}.Release|Any CPU.Build.0 = Release|Any CPU
		{3B4B8D4B-2FF0-479A-9E24-FC0C8A5B6506}.Release|Mixed Platforms.ActiveCfg = Release|Any CPU
		{3B4B8D4B-2FF0-479A-9E24-FC0C8A5B6506}.Release|Mixed Platforms.Build.0 = Release|Any CPU
		{3B4B8D4B-2FF0-479A-9E24-FC0C8A5B6506}.Release|x86.ActiveCfg = Release|Any CPU
		{DB67D6F1-E78E-4D08-8590-8E02B8C2B065}.Debug|Any CPU.ActiveCfg = Debug|Any CPU
		{DB67D6F1-E78E-4D08-8590-8E02B8C2B065}.Debug|Any CPU.Build.0 = Debug|Any CPU
		{DB67D6F1-E78E-4D08-8590-8E02B8C2B065}.Debug|Mixed Platforms.ActiveCfg = Debug|Any CPU
		{DB67D6F1-E78E-4D08-8590-8E02B8C2B065}.Debug|Mixed Platforms.Build.0 = Debug|Any CPU
		{DB67D6F1-E78E-4D08-8590-8E02B8C2B065}.Debug|x86.ActiveCfg = Debug|Any CPU
		{DB67D6F1-E78E-4D08-8590-8E02B8C2B065}.Release|Any CPU.ActiveCfg = Release|Any CPU
		{DB67D6F1-E78E-4D08-8590-8E02B8C2B065}.Release|Any CPU.Build.0 = Release|Any CPU
		{DB67D6F1-E78E-4D08-8590-8E02B8C2B065}.Release|Mixed Platforms.ActiveCfg = Release|Any CPU
		{DB67D6F1-E78E-4D08-8590-8E02B8C2B065}.Release|Mixed Platforms.Build.0 = Release|Any CPU
		{DB67D6F1-E78E-4D08-8590-8E02B8C2B065}.Release|x86.ActiveCfg = Release|Any CPU
		{7FEB4D75-6142-40E5-B275-966D1B09F396}.Debug|Any CPU.ActiveCfg = Debug|Any CPU
		{7FEB4D75-6142-40E5-B275-966D1B09F396}.Debug|Any CPU.Build.0 = Debug|Any CPU
		{7FEB4D75-6142-40E5-B275-966D1B09F396}.Debug|Mixed Platforms.ActiveCfg = Debug|Any CPU
		{7FEB4D75-6142-40E5-B275-966D1B09F396}.Debug|Mixed Platforms.Build.0 = Debug|Any CPU
		{7FEB4D75-6142-40E5-B275-966D1B09F396}.Debug|x86.ActiveCfg = Debug|Any CPU
		{7FEB4D75-6142-40E5-B275-966D1B09F396}.Release|Any CPU.ActiveCfg = Release|Any CPU
		{7FEB4D75-6142-40E5-B275-966D1B09F396}.Release|Any CPU.Build.0 = Release|Any CPU
		{7FEB4D75-6142-40E5-B275-966D1B09F396}.Release|Mixed Platforms.ActiveCfg = Release|Any CPU
		{7FEB4D75-6142-40E5-B275-966D1B09F396}.Release|Mixed Platforms.Build.0 = Release|Any CPU
		{7FEB4D75-6142-40E5-B275-966D1B09F396}.Release|x86.ActiveCfg = Release|Any CPU
		{BE947229-E29E-4F49-941F-FE298C050562}.Debug|Any CPU.ActiveCfg = Debug|Any CPU
		{BE947229-E29E-4F49-941F-FE298C050562}.Debug|Any CPU.Build.0 = Debug|Any CPU
		{BE947229-E29E-4F49-941F-FE298C050562}.Debug|Mixed Platforms.ActiveCfg = Debug|Any CPU
		{BE947229-E29E-4F49-941F-FE298C050562}.Debug|Mixed Platforms.Build.0 = Debug|Any CPU
		{BE947229-E29E-4F49-941F-FE298C050562}.Debug|x86.ActiveCfg = Debug|Any CPU
		{BE947229-E29E-4F49-941F-FE298C050562}.Release|Any CPU.ActiveCfg = Release|Any CPU
		{BE947229-E29E-4F49-941F-FE298C050562}.Release|Any CPU.Build.0 = Release|Any CPU
		{BE947229-E29E-4F49-941F-FE298C050562}.Release|Mixed Platforms.ActiveCfg = Release|Any CPU
		{BE947229-E29E-4F49-941F-FE298C050562}.Release|Mixed Platforms.Build.0 = Release|Any CPU
		{BE947229-E29E-4F49-941F-FE298C050562}.Release|x86.ActiveCfg = Release|Any CPU
		{5D1A1893-C400-4E8B-A1B5-1AD3D1BB5751}.Debug|Any CPU.ActiveCfg = Debug|Any CPU
		{5D1A1893-C400-4E8B-A1B5-1AD3D1BB5751}.Debug|Any CPU.Build.0 = Debug|Any CPU
		{5D1A1893-C400-4E8B-A1B5-1AD3D1BB5751}.Debug|Mixed Platforms.ActiveCfg = Debug|Any CPU
		{5D1A1893-C400-4E8B-A1B5-1AD3D1BB5751}.Debug|Mixed Platforms.Build.0 = Debug|Any CPU
		{5D1A1893-C400-4E8B-A1B5-1AD3D1BB5751}.Debug|x86.ActiveCfg = Debug|Any CPU
		{5D1A1893-C400-4E8B-A1B5-1AD3D1BB5751}.Release|Any CPU.ActiveCfg = Release|Any CPU
		{5D1A1893-C400-4E8B-A1B5-1AD3D1BB5751}.Release|Any CPU.Build.0 = Release|Any CPU
		{5D1A1893-C400-4E8B-A1B5-1AD3D1BB5751}.Release|Mixed Platforms.ActiveCfg = Release|Any CPU
		{5D1A1893-C400-4E8B-A1B5-1AD3D1BB5751}.Release|Mixed Platforms.Build.0 = Release|Any CPU
		{5D1A1893-C400-4E8B-A1B5-1AD3D1BB5751}.Release|x86.ActiveCfg = Release|Any CPU
		{B45528C4-AACD-41BA-BC4A-F109E5EDB024}.Debug|Any CPU.ActiveCfg = Debug|Any CPU
		{B45528C4-AACD-41BA-BC4A-F109E5EDB024}.Debug|Any CPU.Build.0 = Debug|Any CPU
		{B45528C4-AACD-41BA-BC4A-F109E5EDB024}.Debug|Mixed Platforms.ActiveCfg = Debug|Any CPU
		{B45528C4-AACD-41BA-BC4A-F109E5EDB024}.Debug|Mixed Platforms.Build.0 = Debug|Any CPU
		{B45528C4-AACD-41BA-BC4A-F109E5EDB024}.Debug|x86.ActiveCfg = Debug|Any CPU
		{B45528C4-AACD-41BA-BC4A-F109E5EDB024}.Release|Any CPU.ActiveCfg = Release|Any CPU
		{B45528C4-AACD-41BA-BC4A-F109E5EDB024}.Release|Any CPU.Build.0 = Release|Any CPU
		{B45528C4-AACD-41BA-BC4A-F109E5EDB024}.Release|Mixed Platforms.ActiveCfg = Release|Any CPU
		{B45528C4-AACD-41BA-BC4A-F109E5EDB024}.Release|Mixed Platforms.Build.0 = Release|Any CPU
		{B45528C4-AACD-41BA-BC4A-F109E5EDB024}.Release|x86.ActiveCfg = Release|Any CPU
		{3340F337-513F-4498-904F-FECC8C4FDECA}.Debug|Any CPU.ActiveCfg = Debug|Any CPU
		{3340F337-513F-4498-904F-FECC8C4FDECA}.Debug|Any CPU.Build.0 = Debug|Any CPU
		{3340F337-513F-4498-904F-FECC8C4FDECA}.Debug|Mixed Platforms.ActiveCfg = Debug|Any CPU
		{3340F337-513F-4498-904F-FECC8C4FDECA}.Debug|Mixed Platforms.Build.0 = Debug|Any CPU
		{3340F337-513F-4498-904F-FECC8C4FDECA}.Debug|x86.ActiveCfg = Debug|Any CPU
		{3340F337-513F-4498-904F-FECC8C4FDECA}.Release|Any CPU.ActiveCfg = Release|Any CPU
		{3340F337-513F-4498-904F-FECC8C4FDECA}.Release|Any CPU.Build.0 = Release|Any CPU
		{3340F337-513F-4498-904F-FECC8C4FDECA}.Release|Mixed Platforms.ActiveCfg = Release|Any CPU
		{3340F337-513F-4498-904F-FECC8C4FDECA}.Release|Mixed Platforms.Build.0 = Release|Any CPU
		{3340F337-513F-4498-904F-FECC8C4FDECA}.Release|x86.ActiveCfg = Release|Any CPU
		{05350A97-9D66-40BC-90B5-BCD0DCFE1AAB}.Debug|Any CPU.ActiveCfg = Debug|x86
		{05350A97-9D66-40BC-90B5-BCD0DCFE1AAB}.Debug|Mixed Platforms.ActiveCfg = Debug|x86
		{05350A97-9D66-40BC-90B5-BCD0DCFE1AAB}.Debug|Mixed Platforms.Build.0 = Debug|x86
		{05350A97-9D66-40BC-90B5-BCD0DCFE1AAB}.Debug|x86.ActiveCfg = Debug|x86
		{05350A97-9D66-40BC-90B5-BCD0DCFE1AAB}.Debug|x86.Build.0 = Debug|x86
		{05350A97-9D66-40BC-90B5-BCD0DCFE1AAB}.Release|Any CPU.ActiveCfg = Release|x86
		{05350A97-9D66-40BC-90B5-BCD0DCFE1AAB}.Release|Mixed Platforms.ActiveCfg = Release|x86
		{05350A97-9D66-40BC-90B5-BCD0DCFE1AAB}.Release|Mixed Platforms.Build.0 = Release|x86
		{05350A97-9D66-40BC-90B5-BCD0DCFE1AAB}.Release|x86.ActiveCfg = Release|x86
		{05350A97-9D66-40BC-90B5-BCD0DCFE1AAB}.Release|x86.Build.0 = Release|x86
		{EF74D02F-B99F-470F-B27C-8B83961E9940}.Debug|Any CPU.ActiveCfg = Debug|x86
		{EF74D02F-B99F-470F-B27C-8B83961E9940}.Debug|Mixed Platforms.ActiveCfg = Debug|x86
		{EF74D02F-B99F-470F-B27C-8B83961E9940}.Debug|Mixed Platforms.Build.0 = Debug|x86
		{EF74D02F-B99F-470F-B27C-8B83961E9940}.Debug|x86.ActiveCfg = Debug|x86
		{EF74D02F-B99F-470F-B27C-8B83961E9940}.Debug|x86.Build.0 = Debug|x86
		{EF74D02F-B99F-470F-B27C-8B83961E9940}.Release|Any CPU.ActiveCfg = Release|x86
		{EF74D02F-B99F-470F-B27C-8B83961E9940}.Release|Mixed Platforms.ActiveCfg = Release|x86
		{EF74D02F-B99F-470F-B27C-8B83961E9940}.Release|Mixed Platforms.Build.0 = Release|x86
		{EF74D02F-B99F-470F-B27C-8B83961E9940}.Release|x86.ActiveCfg = Release|x86
		{EF74D02F-B99F-470F-B27C-8B83961E9940}.Release|x86.Build.0 = Release|x86
		{BDAA7DDC-2393-49A8-9FA2-52E0356E465A}.Debug|Any CPU.ActiveCfg = Debug|Any CPU
		{BDAA7DDC-2393-49A8-9FA2-52E0356E465A}.Debug|Any CPU.Build.0 = Debug|Any CPU
		{BDAA7DDC-2393-49A8-9FA2-52E0356E465A}.Debug|Mixed Platforms.ActiveCfg = Debug|Any CPU
		{BDAA7DDC-2393-49A8-9FA2-52E0356E465A}.Debug|Mixed Platforms.Build.0 = Debug|Any CPU
		{BDAA7DDC-2393-49A8-9FA2-52E0356E465A}.Debug|x86.ActiveCfg = Debug|Any CPU
		{BDAA7DDC-2393-49A8-9FA2-52E0356E465A}.Release|Any CPU.ActiveCfg = Release|Any CPU
		{BDAA7DDC-2393-49A8-9FA2-52E0356E465A}.Release|Any CPU.Build.0 = Release|Any CPU
		{BDAA7DDC-2393-49A8-9FA2-52E0356E465A}.Release|Mixed Platforms.ActiveCfg = Release|Any CPU
		{BDAA7DDC-2393-49A8-9FA2-52E0356E465A}.Release|Mixed Platforms.Build.0 = Release|Any CPU
		{BDAA7DDC-2393-49A8-9FA2-52E0356E465A}.Release|x86.ActiveCfg = Release|Any CPU
	EndGlobalSection
	GlobalSection(SolutionProperties) = preSolution
		HideSolutionNode = FALSE
	EndGlobalSection
EndGlobal
